
Microsoft Visual Studio Solution File, Format Version 12.00
# Visual Studio Version 17
VisualStudioVersion = 17.14.36401.2 d17.14
MinimumVisualStudioVersion = 10.0.40219.1
Project("{FAE04EC0-301F-11D3-BF4B-00C04F79EFBC}") = "BankWeb", "BankWeb\BankWeb.csproj", "{ECC6B510-DC5C-4FA7-A4E4-A90C67481690}"
EndProject
Global
	GlobalSection(SolutionConfigurationPlatforms) = preSolution
		Debug|Any CPU = Debug|Any CPU
		Release|Any CPU = Release|Any CPU
	EndGlobalSection
	GlobalSection(ProjectConfigurationPlatforms) = postSolution
		{ECC6B510-DC5C-4FA7-A4E4-A90C67481690}.Debug|Any CPU.ActiveCfg = Debug|Any CPU
		{ECC6B510-DC5C-4FA7-A4E4-A90C67481690}.Debug|Any CPU.Build.0 = Debug|Any CPU
		{ECC6B510-DC5C-4FA7-A4E4-A90C67481690}.Release|Any CPU.ActiveCfg = Release|Any CPU
		{ECC6B510-DC5C-4FA7-A4E4-A90C67481690}.Release|Any CPU.Build.0 = Release|Any CPU
	EndGlobalSection
	GlobalSection(SolutionProperties) = preSolution
		HideSolutionNode = FALSE
	EndGlobalSection
	GlobalSection(ExtensibilityGlobals) = postSolution
		SolutionGuid = {6D55629D-3004-4097-9E6E-471F1A9DBC5B}
	EndGlobalSection
EndGlobal
